
Microsoft Visual Studio Solution File, Format Version 12.00
# Visual Studio Version 17
VisualStudioVersion = 17.6.33723.286
MinimumVisualStudioVersion = 10.0.40219.1
Project("{FAE04EC0-301F-11D3-BF4B-00C04F79EFBC}") = "BlazorP1_FullStackCrud.Server", "Server\BlazorP1_FullStackCrud.Server.csproj", "{B918ADF6-5475-48FE-A59A-DCFF22AA64A4}"
EndProject
Project("{FAE04EC0-301F-11D3-BF4B-00C04F79EFBC}") = "BlazorP1_FullStackCrud.Client", "Client\BlazorP1_FullStackCrud.Client.csproj", "{983FA19F-2909-4C69-A960-9231490495C4}"
EndProject
Project("{FAE04EC0-301F-11D3-BF4B-00C04F79EFBC}") = "BlazorP1_FullStackCrud.Shared", "Shared\BlazorP1_FullStackCrud.Shared.csproj", "{4BBCB022-5E12-4AC5-BD0B-ED90F9FAE81E}"
EndProject
Global
	GlobalSection(SolutionConfigurationPlatforms) = preSolution
		Debug|Any CPU = Debug|Any CPU
		Release|Any CPU = Release|Any CPU
	EndGlobalSection
	GlobalSection(ProjectConfigurationPlatforms) = postSolution
		{B918ADF6-5475-48FE-A59A-DCFF22AA64A4}.Debug|Any CPU.ActiveCfg = Debug|Any CPU
		{B918ADF6-5475-48FE-A59A-DCFF22AA64A4}.Debug|Any CPU.Build.0 = Debug|Any CPU
		{B918ADF6-5475-48FE-A59A-DCFF22AA64A4}.Release|Any CPU.ActiveCfg = Release|Any CPU
		{B918ADF6-5475-48FE-A59A-DCFF22AA64A4}.Release|Any CPU.Build.0 = Release|Any CPU
		{983FA19F-2909-4C69-A960-9231490495C4}.Debug|Any CPU.ActiveCfg = Debug|Any CPU
		{983FA19F-2909-4C69-A960-9231490495C4}.Debug|Any CPU.Build.0 = Debug|Any CPU
		{983FA19F-2909-4C69-A960-9231490495C4}.Release|Any CPU.ActiveCfg = Release|Any CPU
		{983FA19F-2909-4C69-A960-9231490495C4}.Release|Any CPU.Build.0 = Release|Any CPU
		{4BBCB022-5E12-4AC5-BD0B-ED90F9FAE81E}.Debug|Any CPU.ActiveCfg = Debug|Any CPU
		{4BBCB022-5E12-4AC5-BD0B-ED90F9FAE81E}.Debug|Any CPU.Build.0 = Debug|Any CPU
		{4BBCB022-5E12-4AC5-BD0B-ED90F9FAE81E}.Release|Any CPU.ActiveCfg = Release|Any CPU
		{4BBCB022-5E12-4AC5-BD0B-ED90F9FAE81E}.Release|Any CPU.Build.0 = Release|Any CPU
	EndGlobalSection
	GlobalSection(SolutionProperties) = preSolution
		HideSolutionNode = FALSE
	EndGlobalSection
	GlobalSection(ExtensibilityGlobals) = postSolution
		SolutionGuid = {1631CCB4-34A7-46DC-AA67-B6C9D642DBB2}
	EndGlobalSection
EndGlobal
